
Microsoft Visual Studio Solution File, Format Version 12.00
# Visual Studio Version 16
VisualStudioVersion = 16.0.30804.86
MinimumVisualStudioVersion = 10.0.40219.1
Project("{FAE04EC0-301F-11D3-BF4B-00C04F79EFBC}") = "Registro_Roles", "Registro_Roles.csproj", "{87FA2B07-2403-455A-BC61-9A537F259AEE}"
EndProject
Global
	GlobalSection(SolutionConfigurationPlatforms) = preSolution
		Debug|Any CPU = Debug|Any CPU
		Release|Any CPU = Release|Any CPU
	EndGlobalSection
	GlobalSection(ProjectConfigurationPlatforms) = postSolution
		{87FA2B07-2403-455A-BC61-9A537F259AEE}.Debug|Any CPU.ActiveCfg = Debug|Any CPU
		{87FA2B07-2403-455A-BC61-9A537F259AEE}.Debug|Any CPU.Build.0 = Debug|Any CPU
		{87FA2B07-2403-455A-BC61-9A537F259AEE}.Release|Any CPU.ActiveCfg = Release|Any CPU
		{87FA2B07-2403-455A-BC61-9A537F259AEE}.Release|Any CPU.Build.0 = Release|Any CPU
	EndGlobalSection
	GlobalSection(SolutionProperties) = preSolution
		HideSolutionNode = FALSE
	EndGlobalSection
	GlobalSection(ExtensibilityGlobals) = postSolution
		SolutionGuid = {064D485A-1DA7-4642-A362-5BB3A9E57E23}
	EndGlobalSection
EndGlobal
